
Microsoft Visual Studio Solution File, Format Version 12.00
# Visual Studio 15
VisualStudioVersion = 15.0.27428.1
MinimumVisualStudioVersion = 10.0.40219.1
Project("{FAE04EC0-301F-11D3-BF4B-00C04F79EFBC}") = "wpfwithadotest", "wpfwithadotest\wpfwithadotest.csproj", "{FD7EFDC8-EC0B-498B-BBF6-3F895C927968}"
EndProject
Global
	GlobalSection(SolutionConfigurationPlatforms) = preSolution
		Debug|Any CPU = Debug|Any CPU
		Release|Any CPU = Release|Any CPU
	EndGlobalSection
	GlobalSection(ProjectConfigurationPlatforms) = postSolution
		{FD7EFDC8-EC0B-498B-BBF6-3F895C927968}.Debug|Any CPU.ActiveCfg = Debug|Any CPU
		{FD7EFDC8-EC0B-498B-BBF6-3F895C927968}.Debug|Any CPU.Build.0 = Debug|Any CPU
		{FD7EFDC8-EC0B-498B-BBF6-3F895C927968}.Release|Any CPU.ActiveCfg = Release|Any CPU
		{FD7EFDC8-EC0B-498B-BBF6-3F895C927968}.Release|Any CPU.Build.0 = Release|Any CPU
	EndGlobalSection
	GlobalSection(SolutionProperties) = preSolution
		HideSolutionNode = FALSE
	EndGlobalSection
	GlobalSection(ExtensibilityGlobals) = postSolution
		SolutionGuid = {95B13244-B957-4F49-AD77-C630D1063786}
	EndGlobalSection
EndGlobal
